// !$*UTF8*$!
{
	archiveVersion = 1;
	classes = {
	};
	objectVersion = 56;
	objects = {

/* Begin PBXBuildFile section */
		31CB02D62C597A99008C7F22 /* BetslipCoordinates.swift in Sources */ = {isa = PBXBuildFile; fileRef = 31CB02D52C597A99008C7F22 /* BetslipCoordinates.swift */; };
		7B0D9B132A9FAB1800BB237E /* template.html in Resources */ = {isa = PBXBuildFile; fileRef = 7B0D9B122A9FAB1800BB237E /* template.html */; };
		7B0D9B152A9FAC0000BB237E /* BetslipData.swift in Sources */ = {isa = PBXBuildFile; fileRef = 7B0D9B142A9FAC0000BB237E /* BetslipData.swift */; };
		7B0D9B172A9FAE1900BB237E /* CustomBetslip.swift in Sources */ = {isa = PBXBuildFile; fileRef = 7B0D9B162A9FAE1900BB237E /* CustomBetslip.swift */; };
		7B0D9B192A9FAE7700BB237E /* CustomToast.swift in Sources */ = {isa = PBXBuildFile; fileRef = 7B0D9B182A9FAE7700BB237E /* CustomToast.swift */; };
		7B3DF3A72A5C953F0066AC4C /* WebViewCoordinator.swift in Sources */ = {isa = PBXBuildFile; fileRef = 7B3DF3A62A5C953F0066AC4C /* WebViewCoordinator.swift */; };
		7B3DF3A92A5C95910066AC4C /* WebViewWrapper.swift in Sources */ = {isa = PBXBuildFile; fileRef = 7B3DF3A82A5C95910066AC4C /* WebViewWrapper.swift */; };
		7BA2E24E2A60A4BC00BB3550 /* VideoPlayerConfiguration.swift in Sources */ = {isa = PBXBuildFile; fileRef = 7BA2E24D2A60A4BC00BB3550 /* VideoPlayerConfiguration.swift */; };
		7BA2E2502A60A4C400BB3550 /* HTMLTemplate.swift in Sources */ = {isa = PBXBuildFile; fileRef = 7BA2E24F2A60A4C400BB3550 /* HTMLTemplate.swift */; };
		7BEDD3B72A5770470041D0B5 /* FullscreenContentView.swift in Sources */ = {isa = PBXBuildFile; fileRef = 7BEDD3B62A5770470041D0B5 /* FullscreenContentView.swift */; };
		E13A1F532A08566D00585455 /* showCaseApp.swift in Sources */ = {isa = PBXBuildFile; fileRef = E13A1F522A08566D00585455 /* showCaseApp.swift */; };
/* End PBXBuildFile section */

/* Begin PBXContainerItemProxy section */
		E13A1F602A08566F00585455 /* PBXContainerItemProxy */ = {
			isa = PBXContainerItemProxy;
			containerPortal = E13A1F472A08566D00585455 /* Project object */;
			proxyType = 1;
			remoteGlobalIDString = E13A1F4E2A08566D00585455;
			remoteInfo = showCase;
		};
		E13A1F6A2A08566F00585455 /* PBXContainerItemProxy */ = {
			isa = PBXContainerItemProxy;
			containerPortal = E13A1F472A08566D00585455 /* Project object */;
			proxyType = 1;
			remoteGlobalIDString = E13A1F4E2A08566D00585455;
			remoteInfo = showCase;
		};
/* End PBXContainerItemProxy section */

/* Begin PBXCopyFilesBuildPhase section */
		7BEDD3BC2A58A2910041D0B5 /* Embed Frameworks */ = {
			isa = PBXCopyFilesBuildPhase;
			buildActionMask = 2147483647;
			dstPath = "";
			dstSubfolderSpec = 10;
			files = (
			);
			name = "Embed Frameworks";
			runOnlyForDeploymentPostprocessing = 0;
		};
/* End PBXCopyFilesBuildPhase section */

/* Begin PBXFileReference section */
		31CB02D52C597A99008C7F22 /* BetslipCoordinates.swift */ = {isa = PBXFileReference; lastKnownFileType = sourcecode.swift; path = BetslipCoordinates.swift; sourceTree = "<group>"; };
		7B0D9B122A9FAB1800BB237E /* template.html */ = {isa = PBXFileReference; lastKnownFileType = text.html; path = template.html; sourceTree = "<group>"; };
		7B0D9B142A9FAC0000BB237E /* BetslipData.swift */ = {isa = PBXFileReference; lastKnownFileType = sourcecode.swift; path = BetslipData.swift; sourceTree = "<group>"; };
		7B0D9B162A9FAE1900BB237E /* CustomBetslip.swift */ = {isa = PBXFileReference; lastKnownFileType = sourcecode.swift; path = CustomBetslip.swift; sourceTree = "<group>"; };
		7B0D9B182A9FAE7700BB237E /* CustomToast.swift */ = {isa = PBXFileReference; lastKnownFileType = sourcecode.swift; path = CustomToast.swift; sourceTree = "<group>"; };
		7B3DF3A62A5C953F0066AC4C /* WebViewCoordinator.swift */ = {isa = PBXFileReference; lastKnownFileType = sourcecode.swift; path = WebViewCoordinator.swift; sourceTree = "<group>"; };
		7B3DF3A82A5C95910066AC4C /* WebViewWrapper.swift */ = {isa = PBXFileReference; lastKnownFileType = sourcecode.swift; path = WebViewWrapper.swift; sourceTree = "<group>"; };
		7BA2E24D2A60A4BC00BB3550 /* VideoPlayerConfiguration.swift */ = {isa = PBXFileReference; lastKnownFileType = sourcecode.swift; path = VideoPlayerConfiguration.swift; sourceTree = "<group>"; };
		7BA2E24F2A60A4C400BB3550 /* HTMLTemplate.swift */ = {isa = PBXFileReference; lastKnownFileType = sourcecode.swift; path = HTMLTemplate.swift; sourceTree = "<group>"; };
		7BEDD3B62A5770470041D0B5 /* FullscreenContentView.swift */ = {isa = PBXFileReference; lastKnownFileType = sourcecode.swift; path = FullscreenContentView.swift; sourceTree = "<group>"; };
		E13A1F4F2A08566D00585455 /* SwitfUIVideoPlayer.app */ = {isa = PBXFileReference; explicitFileType = wrapper.application; includeInIndex = 0; path = SwitfUIVideoPlayer.app; sourceTree = BUILT_PRODUCTS_DIR; };
		E13A1F522A08566D00585455 /* showCaseApp.swift */ = {isa = PBXFileReference; lastKnownFileType = sourcecode.swift; path = showCaseApp.swift; sourceTree = "<group>"; };
		E13A1F5F2A08566F00585455 /* SwitfUIVideoPlayerTests.xctest */ = {isa = PBXFileReference; explicitFileType = wrapper.cfbundle; includeInIndex = 0; path = SwitfUIVideoPlayerTests.xctest; sourceTree = BUILT_PRODUCTS_DIR; };
		E13A1F692A08566F00585455 /* SwitfUIVideoPlayerUITests.xctest */ = {isa = PBXFileReference; explicitFileType = wrapper.cfbundle; includeInIndex = 0; path = SwitfUIVideoPlayerUITests.xctest; sourceTree = BUILT_PRODUCTS_DIR; };
/* End PBXFileReference section */

/* Begin PBXFrameworksBuildPhase section */
		E13A1F4C2A08566D00585455 /* Frameworks */ = {
			isa = PBXFrameworksBuildPhase;
			buildActionMask = 2147483647;
			files = (
			);
			runOnlyForDeploymentPostprocessing = 0;
		};
		E13A1F5C2A08566F00585455 /* Frameworks */ = {
			isa = PBXFrameworksBuildPhase;
			buildActionMask = 2147483647;
			files = (
			);
			runOnlyForDeploymentPostprocessing = 0;
		};
		E13A1F662A08566F00585455 /* Frameworks */ = {
			isa = PBXFrameworksBuildPhase;
			buildActionMask = 2147483647;
			files = (
			);
			runOnlyForDeploymentPostprocessing = 0;
		};
/* End PBXFrameworksBuildPhase section */

/* Begin PBXGroup section */
		7BEDD3B82A58A2910041D0B5 /* Frameworks */ = {
			isa = PBXGroup;
			children = (
			);
			name = Frameworks;
			sourceTree = "<group>";
		};
		E13A1F462A08566D00585455 = {
			isa = PBXGroup;
			children = (
				E13A1F512A08566D00585455 /* SwiftUIVideoPlayer */,
				E13A1F502A08566D00585455 /* Products */,
				7BEDD3B82A58A2910041D0B5 /* Frameworks */,
			);
			sourceTree = "<group>";
		};
		E13A1F502A08566D00585455 /* Products */ = {
			isa = PBXGroup;
			children = (
				E13A1F4F2A08566D00585455 /* SwitfUIVideoPlayer.app */,
				E13A1F5F2A08566F00585455 /* SwitfUIVideoPlayerTests.xctest */,
				E13A1F692A08566F00585455 /* SwitfUIVideoPlayerUITests.xctest */,
			);
			name = Products;
			sourceTree = "<group>";
		};
		E13A1F512A08566D00585455 /* SwiftUIVideoPlayer */ = {
			isa = PBXGroup;
			children = (
				E13A1F522A08566D00585455 /* showCaseApp.swift */,
				7BEDD3B62A5770470041D0B5 /* FullscreenContentView.swift */,
				7BA2E24D2A60A4BC00BB3550 /* VideoPlayerConfiguration.swift */,
				7B3DF3A62A5C953F0066AC4C /* WebViewCoordinator.swift */,
				7BA2E24F2A60A4C400BB3550 /* HTMLTemplate.swift */,
				7B3DF3A82A5C95910066AC4C /* WebViewWrapper.swift */,
				7B0D9B122A9FAB1800BB237E /* template.html */,
				7B0D9B142A9FAC0000BB237E /* BetslipData.swift */,
				7B0D9B162A9FAE1900BB237E /* CustomBetslip.swift */,
				7B0D9B182A9FAE7700BB237E /* CustomToast.swift */,
				31CB02D52C597A99008C7F22 /* BetslipCoordinates.swift */,
			);
			path = SwiftUIVideoPlayer;
			sourceTree = "<group>";
		};
/* End PBXGroup section */

/* Begin PBXNativeTarget section */
		E13A1F4E2A08566D00585455 /* SwitfUIVideoPlayer */ = {
			isa = PBXNativeTarget;
			buildConfigurationList = E13A1F732A08566F00585455 /* Build configuration list for PBXNativeTarget "SwitfUIVideoPlayer" */;
			buildPhases = (
				E13A1F4B2A08566D00585455 /* Sources */,
				E13A1F4C2A08566D00585455 /* Frameworks */,
				E13A1F4D2A08566D00585455 /* Resources */,
				7BEDD3BC2A58A2910041D0B5 /* Embed Frameworks */,
			);
			buildRules = (
			);
			dependencies = (
			);
			name = SwitfUIVideoPlayer;
			productName = showCase;
			productReference = E13A1F4F2A08566D00585455 /* SwitfUIVideoPlayer.app */;
			productType = "com.apple.product-type.application";
		};
		E13A1F5E2A08566F00585455 /* SwitfUIVideoPlayerTests */ = {
			isa = PBXNativeTarget;
			buildConfigurationList = E13A1F762A08566F00585455 /* Build configuration list for PBXNativeTarget "SwitfUIVideoPlayerTests" */;
			buildPhases = (
				E13A1F5B2A08566F00585455 /* Sources */,
				E13A1F5C2A08566F00585455 /* Frameworks */,
				E13A1F5D2A08566F00585455 /* Resources */,
			);
			buildRules = (
			);
			dependencies = (
				E13A1F612A08566F00585455 /* PBXTargetDependency */,
			);
			name = SwitfUIVideoPlayerTests;
			productName = showCaseTests;
			productReference = E13A1F5F2A08566F00585455 /* SwitfUIVideoPlayerTests.xctest */;
			productType = "com.apple.product-type.bundle.unit-test";
		};
		E13A1F682A08566F00585455 /* SwitfUIVideoPlayerUITests */ = {
			isa = PBXNativeTarget;
			buildConfigurationList = E13A1F792A08566F00585455 /* Build configuration list for PBXNativeTarget "SwitfUIVideoPlayerUITests" */;
			buildPhases = (
				E13A1F652A08566F00585455 /* Sources */,
				E13A1F662A08566F00585455 /* Frameworks */,
				E13A1F672A08566F00585455 /* Resources */,
			);
			buildRules = (
			);
			dependencies = (
				E13A1F6B2A08566F00585455 /* PBXTargetDependency */,
			);
			name = SwitfUIVideoPlayerUITests;
			productName = showCaseUITests;
			productReference = E13A1F692A08566F00585455 /* SwitfUIVideoPlayerUITests.xctest */;
			productType = "com.apple.product-type.bundle.ui-testing";
		};
/* End PBXNativeTarget section */

/* Begin PBXProject section */
		E13A1F472A08566D00585455 /* Project object */ = {
			isa = PBXProject;
			attributes = {
				BuildIndependentTargetsInParallel = 1;
				LastSwiftUpdateCheck = 1430;
				LastUpgradeCheck = 1430;
				TargetAttributes = {
					E13A1F4E2A08566D00585455 = {
						CreatedOnToolsVersion = 14.3;
					};
					E13A1F5E2A08566F00585455 = {
						CreatedOnToolsVersion = 14.3;
						TestTargetID = E13A1F4E2A08566D00585455;
					};
					E13A1F682A08566F00585455 = {
						CreatedOnToolsVersion = 14.3;
						TestTargetID = E13A1F4E2A08566D00585455;
					};
				};
			};
			buildConfigurationList = E13A1F4A2A08566D00585455 /* Build configuration list for PBXProject "SwitfUIVideoPlayer" */;
			compatibilityVersion = "Xcode 14.0";
			developmentRegion = en;
			hasScannedForEncodings = 0;
			knownRegions = (
				en,
				Base,
			);
			mainGroup = E13A1F462A08566D00585455;
			productRefGroup = E13A1F502A08566D00585455 /* Products */;
			projectDirPath = "";
			projectRoot = "";
			targets = (
				E13A1F4E2A08566D00585455 /* SwitfUIVideoPlayer */,
				E13A1F5E2A08566F00585455 /* SwitfUIVideoPlayerTests */,
				E13A1F682A08566F00585455 /* SwitfUIVideoPlayerUITests */,
			);
		};
/* End PBXProject section */

/* Begin PBXResourcesBuildPhase section */
		E13A1F4D2A08566D00585455 /* Resources */ = {
			isa = PBXResourcesBuildPhase;
			buildActionMask = 2147483647;
			files = (
				7B0D9B132A9FAB1800BB237E /* template.html in Resources */,
			);
			runOnlyForDeploymentPostprocessing = 0;
		};
		E13A1F5D2A08566F00585455 /* Resources */ = {
			isa = PBXResourcesBuildPhase;
			buildActionMask = 2147483647;
			files = (
			);
			runOnlyForDeploymentPostprocessing = 0;
		};
		E13A1F672A08566F00585455 /* Resources */ = {
			isa = PBXResourcesBuildPhase;
			buildActionMask = 2147483647;
			files = (
			);
			runOnlyForDeploymentPostprocessing = 0;
		};
/* End PBXResourcesBuildPhase section */

/* Begin PBXSourcesBuildPhase section */
		E13A1F4B2A08566D00585455 /* Sources */ = {
			isa = PBXSourcesBuildPhase;
			buildActionMask = 2147483647;
			files = (
				7B3DF3A72A5C953F0066AC4C /* WebViewCoordinator.swift in Sources */,
				31CB02D62C597A99008C7F22 /* BetslipCoordinates.swift in Sources */,
				7BEDD3B72A5770470041D0B5 /* FullscreenContentView.swift in Sources */,
				7B0D9B152A9FAC0000BB237E /* BetslipData.swift in Sources */,
				7B0D9B192A9FAE7700BB237E /* CustomToast.swift in Sources */,
				E13A1F532A08566D00585455 /* showCaseApp.swift in Sources */,
				7B0D9B172A9FAE1900BB237E /* CustomBetslip.swift in Sources */,
				7BA2E24E2A60A4BC00BB3550 /* VideoPlayerConfiguration.swift in Sources */,
				7B3DF3A92A5C95910066AC4C /* WebViewWrapper.swift in Sources */,
				7BA2E2502A60A4C400BB3550 /* HTMLTemplate.swift in Sources */,
			);
			runOnlyForDeploymentPostprocessing = 0;
		};
		E13A1F5B2A08566F00585455 /* Sources */ = {
			isa = PBXSourcesBuildPhase;
			buildActionMask = 2147483647;
			files = (
			);
			runOnlyForDeploymentPostprocessing = 0;
		};
		E13A1F652A08566F00585455 /* Sources */ = {
			isa = PBXSourcesBuildPhase;
			buildActionMask = 2147483647;
			files = (
			);
			runOnlyForDeploymentPostprocessing = 0;
		};
/* End PBXSourcesBuildPhase section */

/* Begin PBXTargetDependency section */
		E13A1F612A08566F00585455 /* PBXTargetDependency */ = {
			isa = PBXTargetDependency;
			target = E13A1F4E2A08566D00585455 /* SwitfUIVideoPlayer */;
			targetProxy = E13A1F602A08566F00585455 /* PBXContainerItemProxy */;
		};
		E13A1F6B2A08566F00585455 /* PBXTargetDependency */ = {
			isa = PBXTargetDependency;
			target = E13A1F4E2A08566D00585455 /* SwitfUIVideoPlayer */;
			targetProxy = E13A1F6A2A08566F00585455 /* PBXContainerItemProxy */;
		};
/* End PBXTargetDependency section */

/* Begin XCBuildConfiguration section */
		E13A1F712A08566F00585455 /* Debug */ = {
			isa = XCBuildConfiguration;
			buildSettings = {
				ALWAYS_SEARCH_USER_PATHS = NO;
				CLANG_ANALYZER_NONNULL = YES;
				CLANG_ANALYZER_NUMBER_OBJECT_CONVERSION = YES_AGGRESSIVE;
				CLANG_CXX_LANGUAGE_STANDARD = "gnu++20";
				CLANG_ENABLE_MODULES = YES;
				CLANG_ENABLE_OBJC_ARC = YES;
				CLANG_ENABLE_OBJC_WEAK = YES;
				CLANG_WARN_BLOCK_CAPTURE_AUTORELEASING = YES;
				CLANG_WARN_BOOL_CONVERSION = YES;
				CLANG_WARN_COMMA = YES;
				CLANG_WARN_CONSTANT_CONVERSION = YES;
				CLANG_WARN_DEPRECATED_OBJC_IMPLEMENTATIONS = YES;
				CLANG_WARN_DIRECT_OBJC_ISA_USAGE = YES_ERROR;
				CLANG_WARN_DOCUMENTATION_COMMENTS = YES;
				CLANG_WARN_EMPTY_BODY = YES;
				CLANG_WARN_ENUM_CONVERSION = YES;
				CLANG_WARN_INFINITE_RECURSION = YES;
				CLANG_WARN_INT_CONVERSION = YES;
				CLANG_WARN_NON_LITERAL_NULL_CONVERSION = YES;
				CLANG_WARN_OBJC_IMPLICIT_RETAIN_SELF = YES;
				CLANG_WARN_OBJC_LITERAL_CONVERSION = YES;
				CLANG_WARN_OBJC_ROOT_CLASS = YES_ERROR;
				CLANG_WARN_QUOTED_INCLUDE_IN_FRAMEWORK_HEADER = YES;
				CLANG_WARN_RANGE_LOOP_ANALYSIS = YES;
				CLANG_WARN_STRICT_PROTOTYPES = YES;
				CLANG_WARN_SUSPICIOUS_MOVE = YES;
				CLANG_WARN_UNGUARDED_AVAILABILITY = YES_AGGRESSIVE;
				CLANG_WARN_UNREACHABLE_CODE = YES;
				CLANG_WARN__DUPLICATE_METHOD_MATCH = YES;
				COPY_PHASE_STRIP = NO;
				DEBUG_INFORMATION_FORMAT = dwarf;
				ENABLE_STRICT_OBJC_MSGSEND = YES;
				ENABLE_TESTABILITY = YES;
				GCC_C_LANGUAGE_STANDARD = gnu11;
				GCC_DYNAMIC_NO_PIC = NO;
				GCC_NO_COMMON_BLOCKS = YES;
				GCC_OPTIMIZATION_LEVEL = 0;
				GCC_PREPROCESSOR_DEFINITIONS = (
					"DEBUG=1",
					"$(inherited)",
				);
				GCC_WARN_64_TO_32_BIT_CONVERSION = YES;
				GCC_WARN_ABOUT_RETURN_TYPE = YES_ERROR;
				GCC_WARN_UNDECLARED_SELECTOR = YES;
				GCC_WARN_UNINITIALIZED_AUTOS = YES_AGGRESSIVE;
				GCC_WARN_UNUSED_FUNCTION = YES;
				GCC_WARN_UNUSED_VARIABLE = YES;
				IPHONEOS_DEPLOYMENT_TARGET = 16.4;
				MTL_ENABLE_DEBUG_INFO = INCLUDE_SOURCE;
				MTL_FAST_MATH = YES;
				ONLY_ACTIVE_ARCH = YES;
				SDKROOT = iphoneos;
				SWIFT_ACTIVE_COMPILATION_CONDITIONS = DEBUG;
				SWIFT_OPTIMIZATION_LEVEL = "-Onone";
			};
			name = Debug;
		};
		E13A1F722A08566F00585455 /* Release */ = {
			isa = XCBuildConfiguration;
			buildSettings = {
				ALWAYS_SEARCH_USER_PATHS = NO;
				CLANG_ANALYZER_NONNULL = YES;
				CLANG_ANALYZER_NUMBER_OBJECT_CONVERSION = YES_AGGRESSIVE;
				CLANG_CXX_LANGUAGE_STANDARD = "gnu++20";
				CLANG_ENABLE_MODULES = YES;
				CLANG_ENABLE_OBJC_ARC = YES;
				CLANG_ENABLE_OBJC_WEAK = YES;
				CLANG_WARN_BLOCK_CAPTURE_AUTORELEASING = YES;
				CLANG_WARN_BOOL_CONVERSION = YES;
				CLANG_WARN_COMMA = YES;
				CLANG_WARN_CONSTANT_CONVERSION = YES;
				CLANG_WARN_DEPRECATED_OBJC_IMPLEMENTATIONS = YES;
				CLANG_WARN_DIRECT_OBJC_ISA_USAGE = YES_ERROR;
				CLANG_WARN_DOCUMENTATION_COMMENTS = YES;
				CLANG_WARN_EMPTY_BODY = YES;
				CLANG_WARN_ENUM_CONVERSION = YES;
				CLANG_WARN_INFINITE_RECURSION = YES;
				CLANG_WARN_INT_CONVERSION = YES;
				CLANG_WARN_NON_LITERAL_NULL_CONVERSION = YES;
				CLANG_WARN_OBJC_IMPLICIT_RETAIN_SELF = YES;
				CLANG_WARN_OBJC_LITERAL_CONVERSION = YES;
				CLANG_WARN_OBJC_ROOT_CLASS = YES_ERROR;
				CLANG_WARN_QUOTED_INCLUDE_IN_FRAMEWORK_HEADER = YES;
				CLANG_WARN_RANGE_LOOP_ANALYSIS = YES;
				CLANG_WARN_STRICT_PROTOTYPES = YES;
				CLANG_WARN_SUSPICIOUS_MOVE = YES;
				CLANG_WARN_UNGUARDED_AVAILABILITY = YES_AGGRESSIVE;
				CLANG_WARN_UNREACHABLE_CODE = YES;
				CLANG_WARN__DUPLICATE_METHOD_MATCH = YES;
				COPY_PHASE_STRIP = NO;
				DEBUG_INFORMATION_FORMAT = "dwarf-with-dsym";
				ENABLE_NS_ASSERTIONS = NO;
				ENABLE_STRICT_OBJC_MSGSEND = YES;
				GCC_C_LANGUAGE_STANDARD = gnu11;
				GCC_NO_COMMON_BLOCKS = YES;
				GCC_WARN_64_TO_32_BIT_CONVERSION = YES;
				GCC_WARN_ABOUT_RETURN_TYPE = YES_ERROR;
				GCC_WARN_UNDECLARED_SELECTOR = YES;
				GCC_WARN_UNINITIALIZED_AUTOS = YES_AGGRESSIVE;
				GCC_WARN_UNUSED_FUNCTION = YES;
				GCC_WARN_UNUSED_VARIABLE = YES;
				IPHONEOS_DEPLOYMENT_TARGET = 16.4;
				MTL_ENABLE_DEBUG_INFO = NO;
				MTL_FAST_MATH = YES;
				SDKROOT = iphoneos;
				SWIFT_COMPILATION_MODE = wholemodule;
				SWIFT_OPTIMIZATION_LEVEL = "-O";
				VALIDATE_PRODUCT = YES;
			};
			name = Release;
		};
		E13A1F742A08566F00585455 /* Debug */ = {
			isa = XCBuildConfiguration;
			buildSettings = {
				ASSETCATALOG_COMPILER_APPICON_NAME = AppIcon;
				ASSETCATALOG_COMPILER_GLOBAL_ACCENT_COLOR_NAME = AccentColor;
				CODE_SIGN_STYLE = Automatic;
				CURRENT_PROJECT_VERSION = 1;
				DEVELOPMENT_TEAM = BCGR48BC63;
				ENABLE_PREVIEWS = NO;
				GENERATE_INFOPLIST_FILE = YES;
				INFOPLIST_KEY_UIApplicationSceneManifest_Generation = YES;
				INFOPLIST_KEY_UIApplicationSupportsIndirectInputEvents = YES;
				INFOPLIST_KEY_UILaunchScreen_Generation = YES;
				INFOPLIST_KEY_UIStatusBarHidden = YES;
				INFOPLIST_KEY_UISupportedInterfaceOrientations_iPad = "UIInterfaceOrientationPortrait UIInterfaceOrientationPortraitUpsideDown UIInterfaceOrientationLandscapeLeft UIInterfaceOrientationLandscapeRight";
				INFOPLIST_KEY_UISupportedInterfaceOrientations_iPhone = "UIInterfaceOrientationPortrait UIInterfaceOrientationLandscapeLeft UIInterfaceOrientationLandscapeRight";
				IPHONEOS_DEPLOYMENT_TARGET = 16.2;
				LD_RUNPATH_SEARCH_PATHS = (
					"$(inherited)",
					"@executable_path/Frameworks",
				);
				MARKETING_VERSION = 1.0;
				PRODUCT_BUNDLE_IDENTIFIER = geniussports.SwiftUIVideoPlayer;
				PRODUCT_NAME = "$(TARGET_NAME)";
				SUPPORTED_PLATFORMS = "iphoneos iphonesimulator";
				SUPPORTS_MACCATALYST = NO;
				SUPPORTS_MAC_DESIGNED_FOR_IPHONE_IPAD = NO;
				SWIFT_EMIT_LOC_STRINGS = YES;
				SWIFT_VERSION = 5.0;
				TARGETED_DEVICE_FAMILY = "1,2";
			};
			name = Debug;
		};
		E13A1F752A08566F00585455 /* Release */ = {
			isa = XCBuildConfiguration;
			buildSettings = {
				ASSETCATALOG_COMPILER_APPICON_NAME = AppIcon;
				ASSETCATALOG_COMPILER_GLOBAL_ACCENT_COLOR_NAME = AccentColor;
				CODE_SIGN_STYLE = Automatic;
				CURRENT_PROJECT_VERSION = 1;
				DEVELOPMENT_TEAM = BCGR48BC63;
				ENABLE_PREVIEWS = NO;
				GENERATE_INFOPLIST_FILE = YES;
				INFOPLIST_KEY_UIApplicationSceneManifest_Generation = YES;
				INFOPLIST_KEY_UIApplicationSupportsIndirectInputEvents = YES;
				INFOPLIST_KEY_UILaunchScreen_Generation = YES;
				INFOPLIST_KEY_UIStatusBarHidden = YES;
				INFOPLIST_KEY_UISupportedInterfaceOrientations_iPad = "UIInterfaceOrientationPortrait UIInterfaceOrientationPortraitUpsideDown UIInterfaceOrientationLandscapeLeft UIInterfaceOrientationLandscapeRight";
				INFOPLIST_KEY_UISupportedInterfaceOrientations_iPhone = "UIInterfaceOrientationPortrait UIInterfaceOrientationLandscapeLeft UIInterfaceOrientationLandscapeRight";
				IPHONEOS_DEPLOYMENT_TARGET = 16.2;
				LD_RUNPATH_SEARCH_PATHS = (
					"$(inherited)",
					"@executable_path/Frameworks",
				);
				MARKETING_VERSION = 1.0;
				PRODUCT_BUNDLE_IDENTIFIER = geniussports.SwiftUIVideoPlayer;
				PRODUCT_NAME = "$(TARGET_NAME)";
				SUPPORTED_PLATFORMS = "iphoneos iphonesimulator";
				SUPPORTS_MACCATALYST = NO;
				SUPPORTS_MAC_DESIGNED_FOR_IPHONE_IPAD = NO;
				SWIFT_EMIT_LOC_STRINGS = YES;
				SWIFT_VERSION = 5.0;
				TARGETED_DEVICE_FAMILY = "1,2";
			};
			name = Release;
		};
		E13A1F772A08566F00585455 /* Debug */ = {
			isa = XCBuildConfiguration;
			buildSettings = {
				ALWAYS_EMBED_SWIFT_STANDARD_LIBRARIES = YES;
				BUNDLE_LOADER = "$(TEST_HOST)";
				CODE_SIGN_STYLE = Automatic;
				CURRENT_PROJECT_VERSION = 1;
				GENERATE_INFOPLIST_FILE = YES;
				IPHONEOS_DEPLOYMENT_TARGET = 16.4;
				MARKETING_VERSION = 1.0;
				PRODUCT_BUNDLE_IDENTIFIER = geniussports.showCaseTests;
				PRODUCT_NAME = "$(TARGET_NAME)";
				SWIFT_EMIT_LOC_STRINGS = NO;
				SWIFT_VERSION = 5.0;
				TARGETED_DEVICE_FAMILY = "1,2";
				TEST_HOST = "$(BUILT_PRODUCTS_DIR)/SwitfUIVideoPlayer.app/$(BUNDLE_EXECUTABLE_FOLDER_PATH)/SwitfUIVideoPlayer";
			};
			name = Debug;
		};
		E13A1F782A08566F00585455 /* Release */ = {
			isa = XCBuildConfiguration;
			buildSettings = {
				ALWAYS_EMBED_SWIFT_STANDARD_LIBRARIES = YES;
				BUNDLE_LOADER = "$(TEST_HOST)";
				CODE_SIGN_STYLE = Automatic;
				CURRENT_PROJECT_VERSION = 1;
				GENERATE_INFOPLIST_FILE = YES;
				IPHONEOS_DEPLOYMENT_TARGET = 16.4;
				MARKETING_VERSION = 1.0;
				PRODUCT_BUNDLE_IDENTIFIER = geniussports.showCaseTests;
				PRODUCT_NAME = "$(TARGET_NAME)";
				SWIFT_EMIT_LOC_STRINGS = NO;
				SWIFT_VERSION = 5.0;
				TARGETED_DEVICE_FAMILY = "1,2";
				TEST_HOST = "$(BUILT_PRODUCTS_DIR)/SwitfUIVideoPlayer.app/$(BUNDLE_EXECUTABLE_FOLDER_PATH)/SwitfUIVideoPlayer";
			};
			name = Release;
		};
		E13A1F7A2A08566F00585455 /* Debug */ = {
			isa = XCBuildConfiguration;
			buildSettings = {
				ALWAYS_EMBED_SWIFT_STANDARD_LIBRARIES = YES;
				CODE_SIGN_STYLE = Automatic;
				CURRENT_PROJECT_VERSION = 1;
				GENERATE_INFOPLIST_FILE = YES;
				MARKETING_VERSION = 1.0;
				PRODUCT_BUNDLE_IDENTIFIER = geniussports.showCaseUITests;
				PRODUCT_NAME = "$(TARGET_NAME)";
				SWIFT_EMIT_LOC_STRINGS = NO;
				SWIFT_VERSION = 5.0;
				TARGETED_DEVICE_FAMILY = "1,2";
				TEST_TARGET_NAME = showCase;
			};
			name = Debug;
		};
		E13A1F7B2A08566F00585455 /* Release */ = {
			isa = XCBuildConfiguration;
			buildSettings = {
				ALWAYS_EMBED_SWIFT_STANDARD_LIBRARIES = YES;
				CODE_SIGN_STYLE = Automatic;
				CURRENT_PROJECT_VERSION = 1;
				GENERATE_INFOPLIST_FILE = YES;
				MARKETING_VERSION = 1.0;
				PRODUCT_BUNDLE_IDENTIFIER = geniussports.showCaseUITests;
				PRODUCT_NAME = "$(TARGET_NAME)";
				SWIFT_EMIT_LOC_STRINGS = NO;
				SWIFT_VERSION = 5.0;
				TARGETED_DEVICE_FAMILY = "1,2";
				TEST_TARGET_NAME = showCase;
			};
			name = Release;
		};
/* End XCBuildConfiguration section */

/* Begin XCConfigurationList section */
		E13A1F4A2A08566D00585455 /* Build configuration list for PBXProject "SwitfUIVideoPlayer" */ = {
			isa = XCConfigurationList;
			buildConfigurations = (
				E13A1F712A08566F00585455 /* Debug */,
				E13A1F722A08566F00585455 /* Release */,
			);
			defaultConfigurationIsVisible = 0;
			defaultConfigurationName = Release;
		};
		E13A1F732A08566F00585455 /* Build configuration list for PBXNativeTarget "SwitfUIVideoPlayer" */ = {
			isa = XCConfigurationList;
			buildConfigurations = (
				E13A1F742A08566F00585455 /* Debug */,
				E13A1F752A08566F00585455 /* Release */,
			);
			defaultConfigurationIsVisible = 0;
			defaultConfigurationName = Release;
		};
		E13A1F762A08566F00585455 /* Build configuration list for PBXNativeTarget "SwitfUIVideoPlayerTests" */ = {
			isa = XCConfigurationList;
			buildConfigurations = (
				E13A1F772A08566F00585455 /* Debug */,
				E13A1F782A08566F00585455 /* Release */,
			);
			defaultConfigurationIsVisible = 0;
			defaultConfigurationName = Release;
		};
		E13A1F792A08566F00585455 /* Build configuration list for PBXNativeTarget "SwitfUIVideoPlayerUITests" */ = {
			isa = XCConfigurationList;
			buildConfigurations = (
				E13A1F7A2A08566F00585455 /* Debug */,
				E13A1F7B2A08566F00585455 /* Release */,
			);
			defaultConfigurationIsVisible = 0;
			defaultConfigurationName = Release;
		};
/* End XCConfigurationList section */
	};
	rootObject = E13A1F472A08566D00585455 /* Project object */;
}
